{
	"name": "@pacer/router",
	"version": "1.0.0",
	"lockfileVersion": 1,
	"requires": true,
	"dependencies": {
		"dset": {
			"version": "2.0.1",
			"resolved": "https://registry.npmjs.org/dset/-/dset-2.0.1.tgz",
			"integrity": "sha512-nI29OZMRYq36hOcifB6HTjajNAAiBKSXsyWZrq+VniusseuP2OpNlTiYgsaNRSGvpyq5Wjbc2gQLyBdTyWqhnQ=="
		}
	}
}
